
Microsoft Visual Studio Solution File, Format Version 12.00
# Visual Studio Version 17
VisualStudioVersion = 17.7.34031.279
MinimumVisualStudioVersion = 10.0.40219.1
Project("{FAE04EC0-301F-11D3-BF4B-00C04F79EFBC}") = "P7_1_714220042", "P7_1_714220042\P7_1_714220042.csproj", "{81EC1776-458D-4663-AEAF-53D39CD7B4E3}"
EndProject
Global
	GlobalSection(SolutionConfigurationPlatforms) = preSolution
		Debug|Any CPU = Debug|Any CPU
		Release|Any CPU = Release|Any CPU
	EndGlobalSection
	GlobalSection(ProjectConfigurationPlatforms) = postSolution
		{81EC1776-458D-4663-AEAF-53D39CD7B4E3}.Debug|Any CPU.ActiveCfg = Debug|Any CPU
		{81EC1776-458D-4663-AEAF-53D39CD7B4E3}.Debug|Any CPU.Build.0 = Debug|Any CPU
		{81EC1776-458D-4663-AEAF-53D39CD7B4E3}.Release|Any CPU.ActiveCfg = Release|Any CPU
		{81EC1776-458D-4663-AEAF-53D39CD7B4E3}.Release|Any CPU.Build.0 = Release|Any CPU
	EndGlobalSection
	GlobalSection(SolutionProperties) = preSolution
		HideSolutionNode = FALSE
	EndGlobalSection
	GlobalSection(ExtensibilityGlobals) = postSolution
		SolutionGuid = {9C2250A7-00E9-4C77-B7C4-63C4C26675BA}
	EndGlobalSection
EndGlobal
